
Microsoft Visual Studio Solution File, Format Version 12.00
# Visual Studio Version 16
VisualStudioVersion = 16.0.29209.62
MinimumVisualStudioVersion = 10.0.40219.1
Project("{FAE04EC0-301F-11D3-BF4B-00C04F79EFBC}") = "01.01Knapsack", "01.01Knapsack\01.01Knapsack.csproj", "{04166797-B9CA-46EC-9F95-116B40AE684F}"
EndProject
Global
	GlobalSection(SolutionConfigurationPlatforms) = preSolution
		Debug|Any CPU = Debug|Any CPU
		Release|Any CPU = Release|Any CPU
	EndGlobalSection
	GlobalSection(ProjectConfigurationPlatforms) = postSolution
		{04166797-B9CA-46EC-9F95-116B40AE684F}.Debug|Any CPU.ActiveCfg = Debug|Any CPU
		{04166797-B9CA-46EC-9F95-116B40AE684F}.Debug|Any CPU.Build.0 = Debug|Any CPU
		{04166797-B9CA-46EC-9F95-116B40AE684F}.Release|Any CPU.ActiveCfg = Release|Any CPU
		{04166797-B9CA-46EC-9F95-116B40AE684F}.Release|Any CPU.Build.0 = Release|Any CPU
	EndGlobalSection
	GlobalSection(SolutionProperties) = preSolution
		HideSolutionNode = FALSE
	EndGlobalSection
	GlobalSection(ExtensibilityGlobals) = postSolution
		SolutionGuid = {AFFAB305-2BAD-4E6B-9C24-F762C9205B39}
	EndGlobalSection
EndGlobal
