
Microsoft Visual Studio Solution File, Format Version 12.00
# Visual Studio 15
VisualStudioVersion = 15.0.28307.136
MinimumVisualStudioVersion = 10.0.40219.1
Project("{FAE04EC0-301F-11D3-BF4B-00C04F79EFBC}") = "04.replaceRepeatingChars", "04.replaceRepeatingChars\04.replaceRepeatingChars.csproj", "{0ABCEDF7-F251-4089-9C5E-CE7A59490E84}"
EndProject
Project("{FAE04EC0-301F-11D3-BF4B-00C04F79EFBC}") = "05.stringExplosion", "05.stringExplosion\05.stringExplosion.csproj", "{6E9142DA-4221-4EC2-85BE-DF9347245986}"
EndProject
Global
	GlobalSection(SolutionConfigurationPlatforms) = preSolution
		Debug|Any CPU = Debug|Any CPU
		Release|Any CPU = Release|Any CPU
	EndGlobalSection
	GlobalSection(ProjectConfigurationPlatforms) = postSolution
		{0ABCEDF7-F251-4089-9C5E-CE7A59490E84}.Debug|Any CPU.ActiveCfg = Debug|Any CPU
		{0ABCEDF7-F251-4089-9C5E-CE7A59490E84}.Debug|Any CPU.Build.0 = Debug|Any CPU
		{0ABCEDF7-F251-4089-9C5E-CE7A59490E84}.Release|Any CPU.ActiveCfg = Release|Any CPU
		{0ABCEDF7-F251-4089-9C5E-CE7A59490E84}.Release|Any CPU.Build.0 = Release|Any CPU
		{6E9142DA-4221-4EC2-85BE-DF9347245986}.Debug|Any CPU.ActiveCfg = Debug|Any CPU
		{6E9142DA-4221-4EC2-85BE-DF9347245986}.Debug|Any CPU.Build.0 = Debug|Any CPU
		{6E9142DA-4221-4EC2-85BE-DF9347245986}.Release|Any CPU.ActiveCfg = Release|Any CPU
		{6E9142DA-4221-4EC2-85BE-DF9347245986}.Release|Any CPU.Build.0 = Release|Any CPU
	EndGlobalSection
	GlobalSection(SolutionProperties) = preSolution
		HideSolutionNode = FALSE
	EndGlobalSection
	GlobalSection(ExtensibilityGlobals) = postSolution
		SolutionGuid = {9B57CD24-D4C3-4C0B-B0A7-D89C747CDAD3}
	EndGlobalSection
EndGlobal
