
Microsoft Visual Studio Solution File, Format Version 12.00
# Visual Studio 15
VisualStudioVersion = 15.0.28307.136
MinimumVisualStudioVersion = 10.0.40219.1
Project("{FAE04EC0-301F-11D3-BF4B-00C04F79EFBC}") = "01.ages", "01.agesss\01.ages.csproj", "{2184CD2E-0E82-4104-8323-CA9F0846A566}"
EndProject
Project("{FAE04EC0-301F-11D3-BF4B-00C04F79EFBC}") = "02.division", "02.division\02.division.csproj", "{ABE033D2-1D57-4B9D-B7BC-4AE3D0A275A1}"
EndProject
Project("{FAE04EC0-301F-11D3-BF4B-00C04F79EFBC}") = "03.vacation", "03.vacation\03.vacation.csproj", "{DCBB0825-26A7-4EED-86DB-99A9DE04F9EC}"
EndProject
Project("{FAE04EC0-301F-11D3-BF4B-00C04F79EFBC}") = "04.printAndSum", "04.printAndSum\04.printAndSum.csproj", "{B5148DD9-4B7E-430B-B692-BC71A917093F}"
EndProject
Project("{FAE04EC0-301F-11D3-BF4B-00C04F79EFBC}") = "05.login", "05.login\05.login.csproj", "{0B2FD4EA-1FE8-4260-A86A-2893DE76BB2D}"
EndProject
Project("{FAE04EC0-301F-11D3-BF4B-00C04F79EFBC}") = "06.strongNumber", "06.strongNumber\06.strongNumber.csproj", "{4008485B-9257-40CA-9FD2-88B09248E33B}"
EndProject
Project("{FAE04EC0-301F-11D3-BF4B-00C04F79EFBC}") = "07.vendingMachine", "07.vendingMachine\07.vendingMachine.csproj", "{7983DCB7-984B-4BA6-9933-8E7B8F6BEB8D}"
EndProject
Global
	GlobalSection(SolutionConfigurationPlatforms) = preSolution
		Debug|Any CPU = Debug|Any CPU
		Release|Any CPU = Release|Any CPU
	EndGlobalSection
	GlobalSection(ProjectConfigurationPlatforms) = postSolution
		{2184CD2E-0E82-4104-8323-CA9F0846A566}.Debug|Any CPU.ActiveCfg = Debug|Any CPU
		{2184CD2E-0E82-4104-8323-CA9F0846A566}.Debug|Any CPU.Build.0 = Debug|Any CPU
		{2184CD2E-0E82-4104-8323-CA9F0846A566}.Release|Any CPU.ActiveCfg = Release|Any CPU
		{2184CD2E-0E82-4104-8323-CA9F0846A566}.Release|Any CPU.Build.0 = Release|Any CPU
		{ABE033D2-1D57-4B9D-B7BC-4AE3D0A275A1}.Debug|Any CPU.ActiveCfg = Debug|Any CPU
		{ABE033D2-1D57-4B9D-B7BC-4AE3D0A275A1}.Debug|Any CPU.Build.0 = Debug|Any CPU
		{ABE033D2-1D57-4B9D-B7BC-4AE3D0A275A1}.Release|Any CPU.ActiveCfg = Release|Any CPU
		{ABE033D2-1D57-4B9D-B7BC-4AE3D0A275A1}.Release|Any CPU.Build.0 = Release|Any CPU
		{DCBB0825-26A7-4EED-86DB-99A9DE04F9EC}.Debug|Any CPU.ActiveCfg = Debug|Any CPU
		{DCBB0825-26A7-4EED-86DB-99A9DE04F9EC}.Debug|Any CPU.Build.0 = Debug|Any CPU
		{DCBB0825-26A7-4EED-86DB-99A9DE04F9EC}.Release|Any CPU.ActiveCfg = Release|Any CPU
		{DCBB0825-26A7-4EED-86DB-99A9DE04F9EC}.Release|Any CPU.Build.0 = Release|Any CPU
		{B5148DD9-4B7E-430B-B692-BC71A917093F}.Debug|Any CPU.ActiveCfg = Debug|Any CPU
		{B5148DD9-4B7E-430B-B692-BC71A917093F}.Debug|Any CPU.Build.0 = Debug|Any CPU
		{B5148DD9-4B7E-430B-B692-BC71A917093F}.Release|Any CPU.ActiveCfg = Release|Any CPU
		{B5148DD9-4B7E-430B-B692-BC71A917093F}.Release|Any CPU.Build.0 = Release|Any CPU
		{0B2FD4EA-1FE8-4260-A86A-2893DE76BB2D}.Debug|Any CPU.ActiveCfg = Debug|Any CPU
		{0B2FD4EA-1FE8-4260-A86A-2893DE76BB2D}.Debug|Any CPU.Build.0 = Debug|Any CPU
		{0B2FD4EA-1FE8-4260-A86A-2893DE76BB2D}.Release|Any CPU.ActiveCfg = Release|Any CPU
		{0B2FD4EA-1FE8-4260-A86A-2893DE76BB2D}.Release|Any CPU.Build.0 = Release|Any CPU
		{4008485B-9257-40CA-9FD2-88B09248E33B}.Debug|Any CPU.ActiveCfg = Debug|Any CPU
		{4008485B-9257-40CA-9FD2-88B09248E33B}.Debug|Any CPU.Build.0 = Debug|Any CPU
		{4008485B-9257-40CA-9FD2-88B09248E33B}.Release|Any CPU.ActiveCfg = Release|Any CPU
		{4008485B-9257-40CA-9FD2-88B09248E33B}.Release|Any CPU.Build.0 = Release|Any CPU
		{7983DCB7-984B-4BA6-9933-8E7B8F6BEB8D}.Debug|Any CPU.ActiveCfg = Debug|Any CPU
		{7983DCB7-984B-4BA6-9933-8E7B8F6BEB8D}.Debug|Any CPU.Build.0 = Debug|Any CPU
		{7983DCB7-984B-4BA6-9933-8E7B8F6BEB8D}.Release|Any CPU.ActiveCfg = Release|Any CPU
		{7983DCB7-984B-4BA6-9933-8E7B8F6BEB8D}.Release|Any CPU.Build.0 = Release|Any CPU
	EndGlobalSection
	GlobalSection(SolutionProperties) = preSolution
		HideSolutionNode = FALSE
	EndGlobalSection
	GlobalSection(ExtensibilityGlobals) = postSolution
		SolutionGuid = {2863EE6A-0E50-427D-9A92-03A88C0C36C3}
	EndGlobalSection
EndGlobal
