
Microsoft Visual Studio Solution File, Format Version 12.00
# Visual Studio 15
VisualStudioVersion = 15.0.28307.539
MinimumVisualStudioVersion = 10.0.40219.1
Project("{9A19103F-16F7-4668-BE54-9A1E7A4F7556}") = "01.sortNumbers", "01.sortNumbers\01.sortNumbers.csproj", "{BD2B6351-E7AF-4C5A-92FB-A2AFC3E945F9}"
EndProject
Project("{9A19103F-16F7-4668-BE54-9A1E7A4F7556}") = "02.englishNameOfTheLastDigit", "02.englishNameOfTheLastDigit\02.englishNameOfTheLastDigit.csproj", "{CC489014-F1AA-46D2-91EE-79624B3356C4}"
EndProject
Project("{9A19103F-16F7-4668-BE54-9A1E7A4F7556}") = "03.gamingStore", "03.gamingStore\03.gamingStore.csproj", "{A55CC7AC-6A6A-44CF-9D7B-44BF52CD1ADB}"
EndProject
Project("{9A19103F-16F7-4668-BE54-9A1E7A4F7556}") = "04.reverseString", "05.reverseString\04.reverseString.csproj", "{6AE76042-16E8-4E35-9609-22B8D09A2794}"
EndProject
Project("{9A19103F-16F7-4668-BE54-9A1E7A4F7556}") = "05.messages", "05.messages\05.messages.csproj", "{C149D918-C6FA-42AF-AE9B-D11184EC9386}"
EndProject
Global
	GlobalSection(SolutionConfigurationPlatforms) = preSolution
		Debug|Any CPU = Debug|Any CPU
		Release|Any CPU = Release|Any CPU
	EndGlobalSection
	GlobalSection(ProjectConfigurationPlatforms) = postSolution
		{BD2B6351-E7AF-4C5A-92FB-A2AFC3E945F9}.Debug|Any CPU.ActiveCfg = Debug|Any CPU
		{BD2B6351-E7AF-4C5A-92FB-A2AFC3E945F9}.Debug|Any CPU.Build.0 = Debug|Any CPU
		{BD2B6351-E7AF-4C5A-92FB-A2AFC3E945F9}.Release|Any CPU.ActiveCfg = Release|Any CPU
		{BD2B6351-E7AF-4C5A-92FB-A2AFC3E945F9}.Release|Any CPU.Build.0 = Release|Any CPU
		{CC489014-F1AA-46D2-91EE-79624B3356C4}.Debug|Any CPU.ActiveCfg = Debug|Any CPU
		{CC489014-F1AA-46D2-91EE-79624B3356C4}.Debug|Any CPU.Build.0 = Debug|Any CPU
		{CC489014-F1AA-46D2-91EE-79624B3356C4}.Release|Any CPU.ActiveCfg = Release|Any CPU
		{CC489014-F1AA-46D2-91EE-79624B3356C4}.Release|Any CPU.Build.0 = Release|Any CPU
		{A55CC7AC-6A6A-44CF-9D7B-44BF52CD1ADB}.Debug|Any CPU.ActiveCfg = Debug|Any CPU
		{A55CC7AC-6A6A-44CF-9D7B-44BF52CD1ADB}.Debug|Any CPU.Build.0 = Debug|Any CPU
		{A55CC7AC-6A6A-44CF-9D7B-44BF52CD1ADB}.Release|Any CPU.ActiveCfg = Release|Any CPU
		{A55CC7AC-6A6A-44CF-9D7B-44BF52CD1ADB}.Release|Any CPU.Build.0 = Release|Any CPU
		{6AE76042-16E8-4E35-9609-22B8D09A2794}.Debug|Any CPU.ActiveCfg = Debug|Any CPU
		{6AE76042-16E8-4E35-9609-22B8D09A2794}.Debug|Any CPU.Build.0 = Debug|Any CPU
		{6AE76042-16E8-4E35-9609-22B8D09A2794}.Release|Any CPU.ActiveCfg = Release|Any CPU
		{6AE76042-16E8-4E35-9609-22B8D09A2794}.Release|Any CPU.Build.0 = Release|Any CPU
		{C149D918-C6FA-42AF-AE9B-D11184EC9386}.Debug|Any CPU.ActiveCfg = Debug|Any CPU
		{C149D918-C6FA-42AF-AE9B-D11184EC9386}.Debug|Any CPU.Build.0 = Debug|Any CPU
		{C149D918-C6FA-42AF-AE9B-D11184EC9386}.Release|Any CPU.ActiveCfg = Release|Any CPU
		{C149D918-C6FA-42AF-AE9B-D11184EC9386}.Release|Any CPU.Build.0 = Release|Any CPU
	EndGlobalSection
	GlobalSection(SolutionProperties) = preSolution
		HideSolutionNode = FALSE
	EndGlobalSection
	GlobalSection(ExtensibilityGlobals) = postSolution
		SolutionGuid = {9ADC099E-894E-4EF6-8809-6F020EAAD889}
	EndGlobalSection
EndGlobal
