
Microsoft Visual Studio Solution File, Format Version 12.00
# Visual Studio 15
VisualStudioVersion = 15.0.28307.136
MinimumVisualStudioVersion = 10.0.40219.1
Project("{FAE04EC0-301F-11D3-BF4B-00C04F79EFBC}") = "01.convertMetersToKilometers", "01.convertMetersToKilometers\01.convertMetersToKilometers.csproj", "{772C6258-E387-4EBF-8418-33AF2B08146B}"
EndProject
Project("{FAE04EC0-301F-11D3-BF4B-00C04F79EFBC}") = "02.poundsToDollars", "02.poundsToDollars\02.poundsToDollars.csproj", "{F832FA3D-DAAC-41B4-B821-0F9F42B38CBB}"
EndProject
Project("{FAE04EC0-301F-11D3-BF4B-00C04F79EFBC}") = "03.exactSumOfRealNumbers", "03.exactSumOfRealNumbers\03.exactSumOfRealNumbers.csproj", "{F88D3605-3BD5-41A8-95BF-4A219B24AD0B}"
EndProject
Project("{FAE04EC0-301F-11D3-BF4B-00C04F79EFBC}") = "03.simpleSolutionForDecimalNonOverflows", "03.simpleSolutionForDecimalNonOverflows\03.simpleSolutionForDecimalNonOverflows.csproj", "{B3BD7E70-7F59-4B4B-B890-AD6F05E76F4C}"
EndProject
Project("{FAE04EC0-301F-11D3-BF4B-00C04F79EFBC}") = "04.centuriesToMinutes", "04.centuriesToMinutes\04.centuriesToMinutes.csproj", "{C13105BB-0CCC-46A9-A706-A028B35903F4}"
EndProject
Project("{FAE04EC0-301F-11D3-BF4B-00C04F79EFBC}") = "05.specialNumbers", "05.specialNumbers\05.specialNumbers.csproj", "{95919362-56CB-403E-ADAA-3244A2B5B878}"
EndProject
Project("{FAE04EC0-301F-11D3-BF4B-00C04F79EFBC}") = "06.reversedChars", "06.reversedChars\06.reversedChars.csproj", "{D5C01D00-6ED8-47E6-9A4A-A305241A9DFA}"
EndProject
Project("{FAE04EC0-301F-11D3-BF4B-00C04F79EFBC}") = "07.concatNames", "07.concatNames\07.concatNames.csproj", "{8DCB53D8-F285-4DD1-B36A-D5081585FA12}"
EndProject
Project("{FAE04EC0-301F-11D3-BF4B-00C04F79EFBC}") = "06.directApproach", "06.directApproach\06.directApproach.csproj", "{72A198FD-5880-49AE-8608-C21932EAD534}"
EndProject
Project("{FAE04EC0-301F-11D3-BF4B-00C04F79EFBC}") = "08.townInfo", "08.townInfo\08.townInfo.csproj", "{1B9C43E8-EB92-4CAA-9940-7736828BE94A}"
EndProject
Project("{FAE04EC0-301F-11D3-BF4B-00C04F79EFBC}") = "09.charsToString", "09.charsToString\09.charsToString.csproj", "{D985B7B0-06C6-42E6-BD82-BAE6B2F2B0B9}"
EndProject
Project("{FAE04EC0-301F-11D3-BF4B-00C04F79EFBC}") = "10.lowerOrUpper", "10.lowerOrUpper\10.lowerOrUpper.csproj", "{0CC6DEEC-1064-4175-8A3A-19AC948DAE55}"
EndProject
Project("{FAE04EC0-301F-11D3-BF4B-00C04F79EFBC}") = "11.refactorVolumeOfPyramid", "11.refactorVolumeOfPyramid\11.refactorVolumeOfPyramid.csproj", "{57A1D3D4-8991-4643-89AE-7C21ECEB9F4A}"
EndProject
Project("{FAE04EC0-301F-11D3-BF4B-00C04F79EFBC}") = "12.refactorSpecialNumbers", "12.refactorSpecialNumbers\12.refactorSpecialNumbers.csproj", "{D37F4472-506A-46B2-ABBB-30E874A45D6D}"
EndProject
Global
	GlobalSection(SolutionConfigurationPlatforms) = preSolution
		Debug|Any CPU = Debug|Any CPU
		Release|Any CPU = Release|Any CPU
	EndGlobalSection
	GlobalSection(ProjectConfigurationPlatforms) = postSolution
		{772C6258-E387-4EBF-8418-33AF2B08146B}.Debug|Any CPU.ActiveCfg = Debug|Any CPU
		{772C6258-E387-4EBF-8418-33AF2B08146B}.Debug|Any CPU.Build.0 = Debug|Any CPU
		{772C6258-E387-4EBF-8418-33AF2B08146B}.Release|Any CPU.ActiveCfg = Release|Any CPU
		{772C6258-E387-4EBF-8418-33AF2B08146B}.Release|Any CPU.Build.0 = Release|Any CPU
		{F832FA3D-DAAC-41B4-B821-0F9F42B38CBB}.Debug|Any CPU.ActiveCfg = Debug|Any CPU
		{F832FA3D-DAAC-41B4-B821-0F9F42B38CBB}.Debug|Any CPU.Build.0 = Debug|Any CPU
		{F832FA3D-DAAC-41B4-B821-0F9F42B38CBB}.Release|Any CPU.ActiveCfg = Release|Any CPU
		{F832FA3D-DAAC-41B4-B821-0F9F42B38CBB}.Release|Any CPU.Build.0 = Release|Any CPU
		{F88D3605-3BD5-41A8-95BF-4A219B24AD0B}.Debug|Any CPU.ActiveCfg = Debug|Any CPU
		{F88D3605-3BD5-41A8-95BF-4A219B24AD0B}.Debug|Any CPU.Build.0 = Debug|Any CPU
		{F88D3605-3BD5-41A8-95BF-4A219B24AD0B}.Release|Any CPU.ActiveCfg = Release|Any CPU
		{F88D3605-3BD5-41A8-95BF-4A219B24AD0B}.Release|Any CPU.Build.0 = Release|Any CPU
		{B3BD7E70-7F59-4B4B-B890-AD6F05E76F4C}.Debug|Any CPU.ActiveCfg = Debug|Any CPU
		{B3BD7E70-7F59-4B4B-B890-AD6F05E76F4C}.Debug|Any CPU.Build.0 = Debug|Any CPU
		{B3BD7E70-7F59-4B4B-B890-AD6F05E76F4C}.Release|Any CPU.ActiveCfg = Release|Any CPU
		{B3BD7E70-7F59-4B4B-B890-AD6F05E76F4C}.Release|Any CPU.Build.0 = Release|Any CPU
		{C13105BB-0CCC-46A9-A706-A028B35903F4}.Debug|Any CPU.ActiveCfg = Debug|Any CPU
		{C13105BB-0CCC-46A9-A706-A028B35903F4}.Debug|Any CPU.Build.0 = Debug|Any CPU
		{C13105BB-0CCC-46A9-A706-A028B35903F4}.Release|Any CPU.ActiveCfg = Release|Any CPU
		{C13105BB-0CCC-46A9-A706-A028B35903F4}.Release|Any CPU.Build.0 = Release|Any CPU
		{95919362-56CB-403E-ADAA-3244A2B5B878}.Debug|Any CPU.ActiveCfg = Debug|Any CPU
		{95919362-56CB-403E-ADAA-3244A2B5B878}.Debug|Any CPU.Build.0 = Debug|Any CPU
		{95919362-56CB-403E-ADAA-3244A2B5B878}.Release|Any CPU.ActiveCfg = Release|Any CPU
		{95919362-56CB-403E-ADAA-3244A2B5B878}.Release|Any CPU.Build.0 = Release|Any CPU
		{D5C01D00-6ED8-47E6-9A4A-A305241A9DFA}.Debug|Any CPU.ActiveCfg = Debug|Any CPU
		{D5C01D00-6ED8-47E6-9A4A-A305241A9DFA}.Debug|Any CPU.Build.0 = Debug|Any CPU
		{D5C01D00-6ED8-47E6-9A4A-A305241A9DFA}.Release|Any CPU.ActiveCfg = Release|Any CPU
		{D5C01D00-6ED8-47E6-9A4A-A305241A9DFA}.Release|Any CPU.Build.0 = Release|Any CPU
		{8DCB53D8-F285-4DD1-B36A-D5081585FA12}.Debug|Any CPU.ActiveCfg = Debug|Any CPU
		{8DCB53D8-F285-4DD1-B36A-D5081585FA12}.Debug|Any CPU.Build.0 = Debug|Any CPU
		{8DCB53D8-F285-4DD1-B36A-D5081585FA12}.Release|Any CPU.ActiveCfg = Release|Any CPU
		{8DCB53D8-F285-4DD1-B36A-D5081585FA12}.Release|Any CPU.Build.0 = Release|Any CPU
		{72A198FD-5880-49AE-8608-C21932EAD534}.Debug|Any CPU.ActiveCfg = Debug|Any CPU
		{72A198FD-5880-49AE-8608-C21932EAD534}.Debug|Any CPU.Build.0 = Debug|Any CPU
		{72A198FD-5880-49AE-8608-C21932EAD534}.Release|Any CPU.ActiveCfg = Release|Any CPU
		{72A198FD-5880-49AE-8608-C21932EAD534}.Release|Any CPU.Build.0 = Release|Any CPU
		{1B9C43E8-EB92-4CAA-9940-7736828BE94A}.Debug|Any CPU.ActiveCfg = Debug|Any CPU
		{1B9C43E8-EB92-4CAA-9940-7736828BE94A}.Debug|Any CPU.Build.0 = Debug|Any CPU
		{1B9C43E8-EB92-4CAA-9940-7736828BE94A}.Release|Any CPU.ActiveCfg = Release|Any CPU
		{1B9C43E8-EB92-4CAA-9940-7736828BE94A}.Release|Any CPU.Build.0 = Release|Any CPU
		{D985B7B0-06C6-42E6-BD82-BAE6B2F2B0B9}.Debug|Any CPU.ActiveCfg = Debug|Any CPU
		{D985B7B0-06C6-42E6-BD82-BAE6B2F2B0B9}.Debug|Any CPU.Build.0 = Debug|Any CPU
		{D985B7B0-06C6-42E6-BD82-BAE6B2F2B0B9}.Release|Any CPU.ActiveCfg = Release|Any CPU
		{D985B7B0-06C6-42E6-BD82-BAE6B2F2B0B9}.Release|Any CPU.Build.0 = Release|Any CPU
		{0CC6DEEC-1064-4175-8A3A-19AC948DAE55}.Debug|Any CPU.ActiveCfg = Debug|Any CPU
		{0CC6DEEC-1064-4175-8A3A-19AC948DAE55}.Debug|Any CPU.Build.0 = Debug|Any CPU
		{0CC6DEEC-1064-4175-8A3A-19AC948DAE55}.Release|Any CPU.ActiveCfg = Release|Any CPU
		{0CC6DEEC-1064-4175-8A3A-19AC948DAE55}.Release|Any CPU.Build.0 = Release|Any CPU
		{57A1D3D4-8991-4643-89AE-7C21ECEB9F4A}.Debug|Any CPU.ActiveCfg = Debug|Any CPU
		{57A1D3D4-8991-4643-89AE-7C21ECEB9F4A}.Debug|Any CPU.Build.0 = Debug|Any CPU
		{57A1D3D4-8991-4643-89AE-7C21ECEB9F4A}.Release|Any CPU.ActiveCfg = Release|Any CPU
		{57A1D3D4-8991-4643-89AE-7C21ECEB9F4A}.Release|Any CPU.Build.0 = Release|Any CPU
		{D37F4472-506A-46B2-ABBB-30E874A45D6D}.Debug|Any CPU.ActiveCfg = Debug|Any CPU
		{D37F4472-506A-46B2-ABBB-30E874A45D6D}.Debug|Any CPU.Build.0 = Debug|Any CPU
		{D37F4472-506A-46B2-ABBB-30E874A45D6D}.Release|Any CPU.ActiveCfg = Release|Any CPU
		{D37F4472-506A-46B2-ABBB-30E874A45D6D}.Release|Any CPU.Build.0 = Release|Any CPU
	EndGlobalSection
	GlobalSection(SolutionProperties) = preSolution
		HideSolutionNode = FALSE
	EndGlobalSection
	GlobalSection(ExtensibilityGlobals) = postSolution
		SolutionGuid = {295768B1-B926-47B1-8F96-847004596FA3}
	EndGlobalSection
EndGlobal
